version = 1
requires-python = "==3.12.8"
resolution-markers = [
    "platform_machine == 'aarch64'",
    "platform_machine == 'x86_64'",
    "platform_machine != 'aarch64' and platform_machine != 'x86_64'",
]

[[package]]
name = "annotated-types"
version = "0.7.0"
source = { registry = "https://pypi.org/simple" }
sdist = { url = "https://files.pythonhosted.org/packages/ee/67/531ea369ba64dcff5ec9c3402f9f51bf748cec26dde048a2f973a4eea7f5/annotated_types-0.7.0.tar.gz", hash = "sha256:aff07c09a53a08bc8cfccb9c85b05f1aa9a2a6f23728d790723543408344ce89", size = 16081 }
wheels = [
    { url = "https://files.pythonhosted.org/packages/78/b6/6307fbef88d9b5ee7421e68d78a9f162e0da4900bc5f5793f6d3d0e34fb8/annotated_types-0.7.0-py3-none-any.whl", hash = "sha256:1f02e8b43a8fbbc3f3e0d4f0f4bfc8131bcb4eebe8849b8e5c773f3a1c582a53", size = 13643 },
]

[[package]]
name = "linetimer"
version = "0.1.5"
source = { registry = "https://pypi.org/simple" }
sdist = { url = "https://files.pythonhosted.org/packages/e1/2d/5b246f9eff0f75ed4f243dc52f81facdc35596a024051260aa9215e9e2ac/linetimer-0.1.5.tar.gz", hash = "sha256:f9723860bbbeae05e4e1383b237e5b73f98c71b73e50dc8c2856a0580269752b", size = 4644 }
wheels = [
    { url = "https://files.pythonhosted.org/packages/76/d1/c8b30025b3e76d40f6ed4e6f9ef8bd3a61b251cd9b4c2c822749be45a7ac/linetimer-0.1.5-py3-none-any.whl", hash = "sha256:18f917bf9c3afe2ba2375dbf97fd01189c1967fe4c49382036b03201e03c2889", size = 5251 },
]

[[package]]
name = "mypy"
version = "1.14.1"
source = { registry = "https://pypi.org/simple" }
dependencies = [
    { name = "mypy-extensions" },
    { name = "typing-extensions" },
]
sdist = { url = "https://files.pythonhosted.org/packages/b9/eb/2c92d8ea1e684440f54fa49ac5d9a5f19967b7b472a281f419e69a8d228e/mypy-1.14.1.tar.gz", hash = "sha256:7ec88144fe9b510e8475ec2f5f251992690fcf89ccb4500b214b4226abcd32d6", size = 3216051 }
wheels = [
    { url = "https://files.pythonhosted.org/packages/43/1b/b38c079609bb4627905b74fc6a49849835acf68547ac33d8ceb707de5f52/mypy-1.14.1-cp312-cp312-macosx_10_13_x86_64.whl", hash = "sha256:30ff5ef8519bbc2e18b3b54521ec319513a26f1bba19a7582e7b1f58a6e69f14", size = 11266668 },
    { url = "https://files.pythonhosted.org/packages/6b/75/2ed0d2964c1ffc9971c729f7a544e9cd34b2cdabbe2d11afd148d7838aa2/mypy-1.14.1-cp312-cp312-macosx_11_0_arm64.whl", hash = "sha256:cb9f255c18052343c70234907e2e532bc7e55a62565d64536dbc7706a20b78b9", size = 10254060 },
    { url = "https://files.pythonhosted.org/packages/a1/5f/7b8051552d4da3c51bbe8fcafffd76a6823779101a2b198d80886cd8f08e/mypy-1.14.1-cp312-cp312-manylinux_2_17_aarch64.manylinux2014_aarch64.manylinux_2_28_aarch64.whl", hash = "sha256:8b4e3413e0bddea671012b063e27591b953d653209e7a4fa5e48759cda77ca11", size = 11933167 },
    { url = "https://files.pythonhosted.org/packages/04/90/f53971d3ac39d8b68bbaab9a4c6c58c8caa4d5fd3d587d16f5927eeeabe1/mypy-1.14.1-cp312-cp312-manylinux_2_17_x86_64.manylinux2014_x86_64.manylinux_2_28_x86_64.whl", hash = "sha256:553c293b1fbdebb6c3c4030589dab9fafb6dfa768995a453d8a5d3b23784af2e", size = 12864341 },
    { url = "https://files.pythonhosted.org/packages/03/d2/8bc0aeaaf2e88c977db41583559319f1821c069e943ada2701e86d0430b7/mypy-1.14.1-cp312-cp312-musllinux_1_2_x86_64.whl", hash = "sha256:fad79bfe3b65fe6a1efaed97b445c3d37f7be9fdc348bdb2d7cac75579607c89", size = 12972991 },
    { url = "https://files.pythonhosted.org/packages/6f/17/07815114b903b49b0f2cf7499f1c130e5aa459411596668267535fe9243c/mypy-1.14.1-cp312-cp312-win_amd64.whl", hash = "sha256:8fa2220e54d2946e94ab6dbb3ba0a992795bd68b16dc852db33028df2b00191b", size = 9879016 },
    { url = "https://files.pythonhosted.org/packages/a0/b5/32dd67b69a16d088e533962e5044e51004176a9952419de0370cdaead0f8/mypy-1.14.1-py3-none-any.whl", hash = "sha256:b66a60cc4073aeb8ae00057f9c1f64d49e90f918fbcef9a977eb121da8b8f1d1", size = 2752905 },
]

[[package]]
name = "mypy-extensions"
version = "1.0.0"
source = { registry = "https://pypi.org/simple" }
sdist = { url = "https://files.pythonhosted.org/packages/98/a4/1ab47638b92648243faf97a5aeb6ea83059cc3624972ab6b8d2316078d3f/mypy_extensions-1.0.0.tar.gz", hash = "sha256:75dbf8955dc00442a438fc4d0666508a9a97b6bd41aa2f0ffe9d2f2725af0782", size = 4433 }
wheels = [
    { url = "https://files.pythonhosted.org/packages/2a/e2/5d3f6ada4297caebe1a2add3b126fe800c96f56dbe5d1988a2cbe0b267aa/mypy_extensions-1.0.0-py3-none-any.whl", hash = "sha256:4392f6c0eb8a5668a69e23d168ffa70f0be9ccfd32b5cc2d26a34ae5b844552d", size = 4695 },
]

[[package]]
name = "numpy"
version = "2.0.2"
source = { registry = "https://pypi.org/simple" }
sdist = { url = "https://files.pythonhosted.org/packages/a9/75/10dd1f8116a8b796cb2c737b674e02d02e80454bda953fa7e65d8c12b016/numpy-2.0.2.tar.gz", hash = "sha256:883c987dee1880e2a864ab0dc9892292582510604156762362d9326444636e78", size = 18902015 }
wheels = [
    { url = "https://files.pythonhosted.org/packages/45/40/2e117be60ec50d98fa08c2f8c48e09b3edea93cfcabd5a9ff6925d54b1c2/numpy-2.0.2-cp312-cp312-macosx_10_9_x86_64.whl", hash = "sha256:df55d490dea7934f330006d0f81e8551ba6010a5bf035a249ef61a94f21c500b", size = 20895803 },
    { url = "https://files.pythonhosted.org/packages/46/92/1b8b8dee833f53cef3e0a3f69b2374467789e0bb7399689582314df02651/numpy-2.0.2-cp312-cp312-macosx_11_0_arm64.whl", hash = "sha256:8df823f570d9adf0978347d1f926b2a867d5608f434a7cff7f7908c6570dcf5e", size = 13471835 },
    { url = "https://files.pythonhosted.org/packages/7f/19/e2793bde475f1edaea6945be141aef6c8b4c669b90c90a300a8954d08f0a/numpy-2.0.2-cp312-cp312-macosx_14_0_arm64.whl", hash = "sha256:9a92ae5c14811e390f3767053ff54eaee3bf84576d99a2456391401323f4ec2c", size = 5038499 },
    { url = "https://files.pythonhosted.org/packages/e3/ff/ddf6dac2ff0dd50a7327bcdba45cb0264d0e96bb44d33324853f781a8f3c/numpy-2.0.2-cp312-cp312-macosx_14_0_x86_64.whl", hash = "sha256:a842d573724391493a97a62ebbb8e731f8a5dcc5d285dfc99141ca15a3302d0c", size = 6633497 },
    { url = "https://files.pythonhosted.org/packages/72/21/67f36eac8e2d2cd652a2e69595a54128297cdcb1ff3931cfc87838874bd4/numpy-2.0.2-cp312-cp312-manylinux_2_17_aarch64.manylinux2014_aarch64.whl", hash = "sha256:c05e238064fc0610c840d1cf6a13bf63d7e391717d247f1bf0318172e759e692", size = 13621158 },
    { url = "https://files.pythonhosted.org/packages/39/68/e9f1126d757653496dbc096cb429014347a36b228f5a991dae2c6b6cfd40/numpy-2.0.2-cp312-cp312-manylinux_2_17_x86_64.manylinux2014_x86_64.whl", hash = "sha256:0123ffdaa88fa4ab64835dcbde75dcdf89c453c922f18dced6e27c90d1d0ec5a", size = 19236173 },
    { url = "https://files.pythonhosted.org/packages/d1/e9/1f5333281e4ebf483ba1c888b1d61ba7e78d7e910fdd8e6499667041cc35/numpy-2.0.2-cp312-cp312-musllinux_1_1_x86_64.whl", hash = "sha256:96a55f64139912d61de9137f11bf39a55ec8faec288c75a54f93dfd39f7eb40c", size = 19634174 },
    { url = "https://files.pythonhosted.org/packages/71/af/a469674070c8d8408384e3012e064299f7a2de540738a8e414dcfd639996/numpy-2.0.2-cp312-cp312-musllinux_1_2_aarch64.whl", hash = "sha256:ec9852fb39354b5a45a80bdab5ac02dd02b15f44b3804e9f00c556bf24b4bded", size = 14099701 },
    { url = "https://files.pythonhosted.org/packages/d0/3d/08ea9f239d0e0e939b6ca52ad403c84a2bce1bde301a8eb4888c1c1543f1/numpy-2.0.2-cp312-cp312-win32.whl", hash = "sha256:671bec6496f83202ed2d3c8fdc486a8fc86942f2e69ff0e986140339a63bcbe5", size = 6174313 },
    { url = "https://files.pythonhosted.org/packages/b2/b5/4ac39baebf1fdb2e72585c8352c56d063b6126be9fc95bd2bb5ef5770c20/numpy-2.0.2-cp312-cp312-win_amd64.whl", hash = "sha256:cfd41e13fdc257aa5778496b8caa5e856dc4896d4ccf01841daee1d96465467a", size = 15606179 },
]

[[package]]
name = "pandas-stubs"
version = "2.2.3.241126"
source = { registry = "https://pypi.org/simple" }
dependencies = [
    { name = "numpy" },
    { name = "types-pytz" },
]
sdist = { url = "https://files.pythonhosted.org/packages/90/86/93c545d149c3e1fe1c4c55478cc3a69859d0ea3467e1d9892e9eb28cb1e7/pandas_stubs-2.2.3.241126.tar.gz", hash = "sha256:cf819383c6d9ae7d4dabf34cd47e1e45525bb2f312e6ad2939c2c204cb708acd", size = 104204 }
wheels = [
    { url = "https://files.pythonhosted.org/packages/6f/ab/ed42acf15bab2e86e5c49fad4aa038315233c4c2d22f41b49faa4d837516/pandas_stubs-2.2.3.241126-py3-none-any.whl", hash = "sha256:74aa79c167af374fe97068acc90776c0ebec5266a6e5c69fe11e9c2cf51f2267", size = 158280 },
]

[[package]]
name = "polars-benchmark"
version = "1.0.0"
source = { virtual = "." }
dependencies = [
    { name = "linetimer" },
    { name = "pydantic" },
    { name = "pydantic-settings" },
]

[package.optional-dependencies]
dev = [
    { name = "mypy" },
    { name = "pandas-stubs" },
    { name = "ruff" },
]

[package.metadata]
requires-dist = [
    { name = "linetimer" },
    { name = "mypy", marker = "extra == 'dev'" },
    { name = "pandas-stubs", marker = "extra == 'dev'" },
    { name = "pydantic" },
    { name = "pydantic-settings" },
    { name = "ruff", marker = "extra == 'dev'" },
]

[[package]]
name = "pydantic"
version = "2.10.4"
source = { registry = "https://pypi.org/simple" }
dependencies = [
    { name = "annotated-types" },
    { name = "pydantic-core" },
    { name = "typing-extensions" },
]
sdist = { url = "https://files.pythonhosted.org/packages/70/7e/fb60e6fee04d0ef8f15e4e01ff187a196fa976eb0f0ab524af4599e5754c/pydantic-2.10.4.tar.gz", hash = "sha256:82f12e9723da6de4fe2ba888b5971157b3be7ad914267dea8f05f82b28254f06", size = 762094 }
wheels = [
    { url = "https://files.pythonhosted.org/packages/f3/26/3e1bbe954fde7ee22a6e7d31582c642aad9e84ffe4b5fb61e63b87cd326f/pydantic-2.10.4-py3-none-any.whl", hash = "sha256:597e135ea68be3a37552fb524bc7d0d66dcf93d395acd93a00682f1efcb8ee3d", size = 431765 },
]

[[package]]
name = "pydantic-core"
version = "2.27.2"
source = { registry = "https://pypi.org/simple" }
dependencies = [
    { name = "typing-extensions" },
]
sdist = { url = "https://files.pythonhosted.org/packages/fc/01/f3e5ac5e7c25833db5eb555f7b7ab24cd6f8c322d3a3ad2d67a952dc0abc/pydantic_core-2.27.2.tar.gz", hash = "sha256:eb026e5a4c1fee05726072337ff51d1efb6f59090b7da90d30ea58625b1ffb39", size = 413443 }
wheels = [
    { url = "https://files.pythonhosted.org/packages/d6/74/51c8a5482ca447871c93e142d9d4a92ead74de6c8dc5e66733e22c9bba89/pydantic_core-2.27.2-cp312-cp312-macosx_10_12_x86_64.whl", hash = "sha256:9e0c8cfefa0ef83b4da9588448b6d8d2a2bf1a53c3f1ae5fca39eb3061e2f0b0", size = 1893127 },
    { url = "https://files.pythonhosted.org/packages/d3/f3/c97e80721735868313c58b89d2de85fa80fe8dfeeed84dc51598b92a135e/pydantic_core-2.27.2-cp312-cp312-macosx_11_0_arm64.whl", hash = "sha256:83097677b8e3bd7eaa6775720ec8e0405f1575015a463285a92bfdfe254529ef", size = 1811340 },
    { url = "https://files.pythonhosted.org/packages/9e/91/840ec1375e686dbae1bd80a9e46c26a1e0083e1186abc610efa3d9a36180/pydantic_core-2.27.2-cp312-cp312-manylinux_2_17_aarch64.manylinux2014_aarch64.whl", hash = "sha256:172fce187655fece0c90d90a678424b013f8fbb0ca8b036ac266749c09438cb7", size = 1822900 },
    { url = "https://files.pythonhosted.org/packages/f6/31/4240bc96025035500c18adc149aa6ffdf1a0062a4b525c932065ceb4d868/pydantic_core-2.27.2-cp312-cp312-manylinux_2_17_armv7l.manylinux2014_armv7l.whl", hash = "sha256:519f29f5213271eeeeb3093f662ba2fd512b91c5f188f3bb7b27bc5973816934", size = 1869177 },
    { url = "https://files.pythonhosted.org/packages/fa/20/02fbaadb7808be578317015c462655c317a77a7c8f0ef274bc016a784c54/pydantic_core-2.27.2-cp312-cp312-manylinux_2_17_ppc64le.manylinux2014_ppc64le.whl", hash = "sha256:05e3a55d124407fffba0dd6b0c0cd056d10e983ceb4e5dbd10dda135c31071d6", size = 2038046 },
    { url = "https://files.pythonhosted.org/packages/06/86/7f306b904e6c9eccf0668248b3f272090e49c275bc488a7b88b0823444a4/pydantic_core-2.27.2-cp312-cp312-manylinux_2_17_s390x.manylinux2014_s390x.whl", hash = "sha256:9c3ed807c7b91de05e63930188f19e921d1fe90de6b4f5cd43ee7fcc3525cb8c", size = 2685386 },
    { url = "https://files.pythonhosted.org/packages/8d/f0/49129b27c43396581a635d8710dae54a791b17dfc50c70164866bbf865e3/pydantic_core-2.27.2-cp312-cp312-manylinux_2_17_x86_64.manylinux2014_x86_64.whl", hash = "sha256:6fb4aadc0b9a0c063206846d603b92030eb6f03069151a625667f982887153e2", size = 1997060 },
    { url = "https://files.pythonhosted.org/packages/0d/0f/943b4af7cd416c477fd40b187036c4f89b416a33d3cc0ab7b82708a667aa/pydantic_core-2.27.2-cp312-cp312-manylinux_2_5_i686.manylinux1_i686.whl", hash = "sha256:28ccb213807e037460326424ceb8b5245acb88f32f3d2777427476e1b32c48c4", size = 2004870 },
    { url = "https://files.pythonhosted.org/packages/35/40/aea70b5b1a63911c53a4c8117c0a828d6790483f858041f47bab0b779f44/pydantic_core-2.27.2-cp312-cp312-musllinux_1_1_aarch64.whl", hash = "sha256:de3cd1899e2c279b140adde9357c4495ed9d47131b4a4eaff9052f23398076b3", size = 1999822 },
    { url = "https://files.pythonhosted.org/packages/f2/b3/807b94fd337d58effc5498fd1a7a4d9d59af4133e83e32ae39a96fddec9d/pydantic_core-2.27.2-cp312-cp312-musllinux_1_1_armv7l.whl", hash = "sha256:220f892729375e2d736b97d0e51466252ad84c51857d4d15f5e9692f9ef12be4", size = 2130364 },
    { url = "https://files.pythonhosted.org/packages/fc/df/791c827cd4ee6efd59248dca9369fb35e80a9484462c33c6649a8d02b565/pydantic_core-2.27.2-cp312-cp312-musllinux_1_1_x86_64.whl", hash = "sha256:a0fcd29cd6b4e74fe8ddd2c90330fd8edf2e30cb52acda47f06dd615ae72da57", size = 2158303 },
    { url = "https://files.pythonhosted.org/packages/9b/67/4e197c300976af185b7cef4c02203e175fb127e414125916bf1128b639a9/pydantic_core-2.27.2-cp312-cp312-win32.whl", hash = "sha256:1e2cb691ed9834cd6a8be61228471d0a503731abfb42f82458ff27be7b2186fc", size = 1834064 },
    { url = "https://files.pythonhosted.org/packages/1f/ea/cd7209a889163b8dcca139fe32b9687dd05249161a3edda62860430457a5/pydantic_core-2.27.2-cp312-cp312-win_amd64.whl", hash = "sha256:cc3f1a99a4f4f9dd1de4fe0312c114e740b5ddead65bb4102884b384c15d8bc9", size = 1989046 },
    { url = "https://files.pythonhosted.org/packages/bc/49/c54baab2f4658c26ac633d798dab66b4c3a9bbf47cff5284e9c182f4137a/pydantic_core-2.27.2-cp312-cp312-win_arm64.whl", hash = "sha256:3911ac9284cd8a1792d3cb26a2da18f3ca26c6908cc434a18f730dc0db7bfa3b", size = 1885092 },
]

[[package]]
name = "pydantic-settings"
version = "2.7.1"
source = { registry = "https://pypi.org/simple" }
dependencies = [
    { name = "pydantic" },
    { name = "python-dotenv" },
]
sdist = { url = "https://files.pythonhosted.org/packages/73/7b/c58a586cd7d9ac66d2ee4ba60ca2d241fa837c02bca9bea80a9a8c3d22a9/pydantic_settings-2.7.1.tar.gz", hash = "sha256:10c9caad35e64bfb3c2fbf70a078c0e25cc92499782e5200747f942a065dec93", size = 79920 }
wheels = [
    { url = "https://files.pythonhosted.org/packages/b4/46/93416fdae86d40879714f72956ac14df9c7b76f7d41a4d68aa9f71a0028b/pydantic_settings-2.7.1-py3-none-any.whl", hash = "sha256:590be9e6e24d06db33a4262829edef682500ef008565a969c73d39d5f8bfb3fd", size = 29718 },
]

[[package]]
name = "python-dotenv"
version = "1.0.1"
source = { registry = "https://pypi.org/simple" }
sdist = { url = "https://files.pythonhosted.org/packages/bc/57/e84d88dfe0aec03b7a2d4327012c1627ab5f03652216c63d49846d7a6c58/python-dotenv-1.0.1.tar.gz", hash = "sha256:e324ee90a023d808f1959c46bcbc04446a10ced277783dc6ee09987c37ec10ca", size = 39115 }
wheels = [
    { url = "https://files.pythonhosted.org/packages/6a/3e/b68c118422ec867fa7ab88444e1274aa40681c606d59ac27de5a5588f082/python_dotenv-1.0.1-py3-none-any.whl", hash = "sha256:f7b63ef50f1b690dddf550d03497b66d609393b40b564ed0d674909a68ebf16a", size = 19863 },
]

[[package]]
name = "ruff"
version = "0.8.6"
source = { registry = "https://pypi.org/simple" }
sdist = { url = "https://files.pythonhosted.org/packages/da/00/089db7890ea3be5709e3ece6e46408d6f1e876026ec3fd081ee585fef209/ruff-0.8.6.tar.gz", hash = "sha256:dcad24b81b62650b0eb8814f576fc65cfee8674772a6e24c9b747911801eeaa5", size = 3473116 }
wheels = [
    { url = "https://files.pythonhosted.org/packages/d7/28/aa07903694637c2fa394a9f4fe93cf861ad8b09f1282fa650ef07ff9fe97/ruff-0.8.6-py3-none-linux_armv6l.whl", hash = "sha256:defed167955d42c68b407e8f2e6f56ba52520e790aba4ca707a9c88619e580e3", size = 10628735 },
    { url = "https://files.pythonhosted.org/packages/2b/43/827bb1448f1fcb0fb42e9c6edf8fb067ca8244923bf0ddf12b7bf949065c/ruff-0.8.6-py3-none-macosx_10_12_x86_64.whl", hash = "sha256:54799ca3d67ae5e0b7a7ac234baa657a9c1784b48ec954a094da7c206e0365b1", size = 10386758 },
    { url = "https://files.pythonhosted.org/packages/df/93/fc852a81c3cd315b14676db3b8327d2bb2d7508649ad60bfdb966d60738d/ruff-0.8.6-py3-none-macosx_11_0_arm64.whl", hash = "sha256:e88b8f6d901477c41559ba540beeb5a671e14cd29ebd5683903572f4b40a9807", size = 10007808 },
    { url = "https://files.pythonhosted.org/packages/94/e9/e0ed4af1794335fb280c4fac180f2bf40f6a3b859cae93a5a3ada27325ae/ruff-0.8.6-py3-none-manylinux_2_17_aarch64.manylinux2014_aarch64.whl", hash = "sha256:0509e8da430228236a18a677fcdb0c1f102dd26d5520f71f79b094963322ed25", size = 10861031 },
    { url = "https://files.pythonhosted.org/packages/82/68/da0db02f5ecb2ce912c2bef2aa9fcb8915c31e9bc363969cfaaddbc4c1c2/ruff-0.8.6-py3-none-manylinux_2_17_armv7l.manylinux2014_armv7l.whl", hash = "sha256:91a7ddb221779871cf226100e677b5ea38c2d54e9e2c8ed847450ebbdf99b32d", size = 10388246 },
    { url = "https://files.pythonhosted.org/packages/ac/1d/b85383db181639019b50eb277c2ee48f9f5168f4f7c287376f2b6e2a6dc2/ruff-0.8.6-py3-none-manylinux_2_17_i686.manylinux2014_i686.whl", hash = "sha256:248b1fb3f739d01d528cc50b35ee9c4812aa58cc5935998e776bf8ed5b251e75", size = 11424693 },
    { url = "https://files.pythonhosted.org/packages/ac/b7/30bc78a37648d31bfc7ba7105b108cb9091cd925f249aa533038ebc5a96f/ruff-0.8.6-py3-none-manylinux_2_17_ppc64.manylinux2014_ppc64.whl", hash = "sha256:bc3c083c50390cf69e7e1b5a5a7303898966be973664ec0c4a4acea82c1d4315", size = 12141921 },
    { url = "https://files.pythonhosted.org/packages/60/b3/ee0a14cf6a1fbd6965b601c88d5625d250b97caf0534181e151504498f86/ruff-0.8.6-py3-none-manylinux_2_17_ppc64le.manylinux2014_ppc64le.whl", hash = "sha256:52d587092ab8df308635762386f45f4638badb0866355b2b86760f6d3c076188", size = 11692419 },
    { url = "https://files.pythonhosted.org/packages/ef/d6/c597062b2931ba3e3861e80bd2b147ca12b3370afc3889af46f29209037f/ruff-0.8.6-py3-none-manylinux_2_17_s390x.manylinux2014_s390x.whl", hash = "sha256:61323159cf21bc3897674e5adb27cd9e7700bab6b84de40d7be28c3d46dc67cf", size = 12981648 },
    { url = "https://files.pythonhosted.org/packages/68/84/21f578c2a4144917985f1f4011171aeff94ab18dfa5303ac632da2f9af36/ruff-0.8.6-py3-none-manylinux_2_17_x86_64.manylinux2014_x86_64.whl", hash = "sha256:7ae4478b1471fc0c44ed52a6fb787e641a2ac58b1c1f91763bafbc2faddc5117", size = 11251801 },
    { url = "https://files.pythonhosted.org/packages/6c/aa/1ac02537c8edeb13e0955b5db86b5c050a1dcba54f6d49ab567decaa59c1/ruff-0.8.6-py3-none-musllinux_1_2_aarch64.whl", hash = "sha256:0c000a471d519b3e6cfc9c6680025d923b4ca140ce3e4612d1a2ef58e11f11fe", size = 10849857 },
    { url = "https://files.pythonhosted.org/packages/eb/00/020cb222252d833956cb3b07e0e40c9d4b984fbb2dc3923075c8f944497d/ruff-0.8.6-py3-none-musllinux_1_2_armv7l.whl", hash = "sha256:9257aa841e9e8d9b727423086f0fa9a86b6b420fbf4bf9e1465d1250ce8e4d8d", size = 10470852 },
    { url = "https://files.pythonhosted.org/packages/00/56/e6d6578202a0141cd52299fe5acb38b2d873565f4670c7a5373b637cf58d/ruff-0.8.6-py3-none-musllinux_1_2_i686.whl", hash = "sha256:45a56f61b24682f6f6709636949ae8cc82ae229d8d773b4c76c09ec83964a95a", size = 10972997 },
    { url = "https://files.pythonhosted.org/packages/be/31/dd0db1f4796bda30dea7592f106f3a67a8f00bcd3a50df889fbac58e2786/ruff-0.8.6-py3-none-musllinux_1_2_x86_64.whl", hash = "sha256:496dd38a53aa173481a7d8866bcd6451bd934d06976a2505028a50583e001b76", size = 11317760 },
    { url = "https://files.pythonhosted.org/packages/d4/70/cfcb693dc294e034c6fed837fa2ec98b27cc97a26db5d049345364f504bf/ruff-0.8.6-py3-none-win32.whl", hash = "sha256:e169ea1b9eae61c99b257dc83b9ee6c76f89042752cb2d83486a7d6e48e8f764", size = 8799729 },
    { url = "https://files.pythonhosted.org/packages/60/22/ae6bcaa0edc83af42751bd193138bfb7598b2990939d3e40494d6c00698c/ruff-0.8.6-py3-none-win_amd64.whl", hash = "sha256:f1d70bef3d16fdc897ee290d7d20da3cbe4e26349f62e8a0274e7a3f4ce7a905", size = 9673857 },
    { url = "https://files.pythonhosted.org/packages/91/f8/3765e053acd07baa055c96b2065c7fab91f911b3c076dfea71006666f5b0/ruff-0.8.6-py3-none-win_arm64.whl", hash = "sha256:7d7fc2377a04b6e04ffe588caad613d0c460eb2ecba4c0ccbbfe2bc973cbc162", size = 9149556 },
]

[[package]]
name = "types-pytz"
version = "2024.2.0.20241221"
source = { registry = "https://pypi.org/simple" }
sdist = { url = "https://files.pythonhosted.org/packages/54/26/516311b02b5a215e721155fb65db8a965d061372e388d6125ebce8d674b0/types_pytz-2024.2.0.20241221.tar.gz", hash = "sha256:06d7cde9613e9f7504766a0554a270c369434b50e00975b3a4a0f6eed0f2c1a9", size = 10213 }
wheels = [
    { url = "https://files.pythonhosted.org/packages/74/db/c92ca6920cccd9c2998b013601542e2ac5e59bc805bcff94c94ad254b7df/types_pytz-2024.2.0.20241221-py3-none-any.whl", hash = "sha256:8fc03195329c43637ed4f593663df721fef919b60a969066e22606edf0b53ad5", size = 10008 },
]

[[package]]
name = "typing-extensions"
version = "4.12.2"
source = { registry = "https://pypi.org/simple" }
sdist = { url = "https://files.pythonhosted.org/packages/df/db/f35a00659bc03fec321ba8bce9420de607a1d37f8342eee1863174c69557/typing_extensions-4.12.2.tar.gz", hash = "sha256:1a7ead55c7e559dd4dee8856e3a88b41225abfe1ce8df57b7c13915fe121ffb8", size = 85321 }
wheels = [
    { url = "https://files.pythonhosted.org/packages/26/9f/ad63fc0248c5379346306f8668cda6e2e2e9c95e01216d2b8ffd9ff037d0/typing_extensions-4.12.2-py3-none-any.whl", hash = "sha256:04e5ca0351e0f3f85c6853954072df659d0d13fac324d0072316b67d7794700d", size = 37438 },
]
